
Microsoft Visual Studio Solution File, Format Version 12.00
# Visual Studio Version 17
VisualStudioVersion = 17.0.32126.317
MinimumVisualStudioVersion = 10.0.40219.1
Project("{FAE04EC0-301F-11D3-BF4B-00C04F79EFBC}") = "Salario", "Salario\Salario.csproj", "{2A0016CD-0DEB-4416-A5E8-80B91FAB761D}"
EndProject
Global
	GlobalSection(SolutionConfigurationPlatforms) = preSolution
		Debug|Any CPU = Debug|Any CPU
		Release|Any CPU = Release|Any CPU
	EndGlobalSection
	GlobalSection(ProjectConfigurationPlatforms) = postSolution
		{2A0016CD-0DEB-4416-A5E8-80B91FAB761D}.Debug|Any CPU.ActiveCfg = Debug|Any CPU
		{2A0016CD-0DEB-4416-A5E8-80B91FAB761D}.Debug|Any CPU.Build.0 = Debug|Any CPU
		{2A0016CD-0DEB-4416-A5E8-80B91FAB761D}.Release|Any CPU.ActiveCfg = Release|Any CPU
		{2A0016CD-0DEB-4416-A5E8-80B91FAB761D}.Release|Any CPU.Build.0 = Release|Any CPU
	EndGlobalSection
	GlobalSection(SolutionProperties) = preSolution
		HideSolutionNode = FALSE
	EndGlobalSection
	GlobalSection(ExtensibilityGlobals) = postSolution
		SolutionGuid = {62D851E1-97E5-4512-B591-A0CA332D87F1}
	EndGlobalSection
EndGlobal
